<?xml version="1.0" encoding="utf-8"?>
<Project ToolsVersion="4.0" xmlns="http://schemas.microsoft.com/developer/msbuild/2003">
  <ItemGroup>
    <Filter Include="Source Files">
      <UniqueIdentifier>{4FC737F1-C7A5-4376-A066-2A32D752A2FF}</UniqueIdentifier>
      <Extensions>cpp;c;cc;cxx;def;odl;idl;hpj;bat;asm;asmx</Extensions>
    </Filter>
    <Filter Include="Header Files">
      <UniqueIdentifier>{93995380-89BD-4b04-88EB-625FBE52EBFB}</UniqueIdentifier>
      <Extensions>h;hh;hpp;hxx;hm;inl;inc;xsd</Extensions>
    </Filter>
    <Filter Include="Resource Files">
      <UniqueIdentifier>{67DA6AB6-F800-4c08-8B7A-83BB121AAD01}</UniqueIdentifier>
      <Extensions>rc;ico;cur;bmp;dlg;rc2;rct;bin;rgs;gif;jpg;jpeg;jpe;resx;tiff;tif;png;wav;mfcribbon-ms</Extensions>
    </Filter>
    <Filter Include="Source Files\renderers">
      <UniqueIdentifier>{09f9b944-6040-4cfb-a16e-5891ad861756}</UniqueIdentifier>
    </Filter>
    <Filter Include="Source Files\math">
      <UniqueIdentifier>{cf779052-ba67-4dbb-bc0d-ea43b759880c}</UniqueIdentifier>
    </Filter>
    <Filter Include="Source Files\cameras">
      <UniqueIdentifier>{4160f550-201c-4b13-821e-59e6e6fadad7}</UniqueIdentifier>
    </Filter>
    <Filter Include="Source Files\core">
      <UniqueIdentifier>{92d8da9e-3bbc-4607-b579-4633b11adf57}</UniqueIdentifier>
    </Filter>
    <Filter Include="Source Files\geometries">
      <UniqueIdentifier>{37b30106-df89-45c0-bc5b-251d63a4ead4}</UniqueIdentifier>
    </Filter>
    <Filter Include="Source Files\helpers">
      <UniqueIdentifier>{7020b982-5e8b-4193-8055-e29ba1bac991}</UniqueIdentifier>
    </Filter>
    <Filter Include="Source Files\lights">
      <UniqueIdentifier>{efe6a19b-3a55-4623-98d3-c9879777231d}</UniqueIdentifier>
    </Filter>
    <Filter Include="Source Files\materials">
      <UniqueIdentifier>{4633dca4-4b30-4083-a5c1-99bcb4e8d3df}</UniqueIdentifier>
    </Filter>
    <Filter Include="Source Files\objects">
      <UniqueIdentifier>{63e67be9-bccb-4470-b11b-38bf06e9795f}</UniqueIdentifier>
    </Filter>
    <Filter Include="Source Files\scenes">
      <UniqueIdentifier>{bb7c1d11-9587-4c84-8c7a-c30cdb46c6ba}</UniqueIdentifier>
    </Filter>
    <Filter Include="Source Files\renderers\opengl">
      <UniqueIdentifier>{3add7a25-dda8-45d2-b78e-1c798bdc835e}</UniqueIdentifier>
    </Filter>
    <Filter Include="Source Files\renderers\shaders">
      <UniqueIdentifier>{1858486a-87ac-4cb8-b87c-a89ee7461164}</UniqueIdentifier>
    </Filter>
    <Filter Include="Source Files\renderers\shaders\ShaderChunk">
      <UniqueIdentifier>{594537bf-caed-44bc-8114-cfdd7cf6a592}</UniqueIdentifier>
    </Filter>
    <Filter Include="Source Files\renderers\shaders\ShaderLib">
      <UniqueIdentifier>{e782bfac-b6c3-4dc2-a08f-5efff006cb95}</UniqueIdentifier>
    </Filter>
    <Filter Include="Source Files\math\interpolants">
      <UniqueIdentifier>{ad7b5947-d44a-4aed-9737-5c09ac18f5c3}</UniqueIdentifier>
    </Filter>
  </ItemGroup>
  <ItemGroup>
    <ClCompile Include="..\src\stdafx.cpp">
      <Filter>Source Files</Filter>
    </ClCompile>
    <ClCompile Include="..\src\renderers\OpenGLRenderer.cpp">
      <Filter>Source Files\renderers</Filter>
    </ClCompile>
    <ClCompile Include="..\src\math\math.cpp">
      <Filter>Source Files\math</Filter>
    </ClCompile>
    <ClCompile Include="..\src\math\Matrix3.cpp">
      <Filter>Source Files\math</Filter>
    </ClCompile>
    <ClCompile Include="..\src\math\Vector3.cpp">
      <Filter>Source Files\math</Filter>
    </ClCompile>
    <ClCompile Include="..\src\math\Matrix4.cpp">
      <Filter>Source Files\math</Filter>
    </ClCompile>
    <ClCompile Include="..\src\math\Euler.cpp">
      <Filter>Source Files\math</Filter>
    </ClCompile>
    <ClCompile Include="..\src\math\Quaternion.cpp">
      <Filter>Source Files\math</Filter>
    </ClCompile>
    <ClCompile Include="..\src\cameras\Camera.cpp">
      <Filter>Source Files\cameras</Filter>
    </ClCompile>
    <ClCompile Include="..\src\cameras\CubeCamera.cpp">
      <Filter>Source Files\cameras</Filter>
    </ClCompile>
    <ClCompile Include="..\src\cameras\OrthographicCamera.cpp">
      <Filter>Source Files\cameras</Filter>
    </ClCompile>
    <ClCompile Include="..\src\cameras\PerspectiveCamera.cpp">
      <Filter>Source Files\cameras</Filter>
    </ClCompile>
    <ClCompile Include="..\src\core\Face3.cpp">
      <Filter>Source Files\core</Filter>
    </ClCompile>
    <ClCompile Include="..\src\core\Geometry.cpp">
      <Filter>Source Files\core</Filter>
    </ClCompile>
    <ClCompile Include="..\src\core\Object3D.cpp">
      <Filter>Source Files\core</Filter>
    </ClCompile>
    <ClCompile Include="..\src\geometries\BoxGeometry.cpp">
      <Filter>Source Files\geometries</Filter>
    </ClCompile>
    <ClCompile Include="..\src\geometries\CircleGeometry.cpp">
      <Filter>Source Files\geometries</Filter>
    </ClCompile>
    <ClCompile Include="..\src\geometries\ConeGeometry.cpp">
      <Filter>Source Files\geometries</Filter>
    </ClCompile>
    <ClCompile Include="..\src\geometries\Geometries.cpp">
      <Filter>Source Files\geometries</Filter>
    </ClCompile>
    <ClCompile Include="..\src\geometries\PlaneGeometry.cpp">
      <Filter>Source Files\geometries</Filter>
    </ClCompile>
    <ClCompile Include="..\src\geometries\SphereGeometry.cpp">
      <Filter>Source Files\geometries</Filter>
    </ClCompile>
    <ClCompile Include="..\src\lights\AmbientLight.cpp">
      <Filter>Source Files\lights</Filter>
    </ClCompile>
    <ClCompile Include="..\src\lights\Light.cpp">
      <Filter>Source Files\lights</Filter>
    </ClCompile>
    <ClCompile Include="..\src\materials\Material.cpp">
      <Filter>Source Files\materials</Filter>
    </ClCompile>
    <ClCompile Include="..\src\materials\Materials.cpp">
      <Filter>Source Files\materials</Filter>
    </ClCompile>
    <ClCompile Include="..\src\materials\MeshBasicMaterial.cpp">
      <Filter>Source Files\materials</Filter>
    </ClCompile>
    <ClCompile Include="..\src\materials\MeshLambertMaterial.cpp">
      <Filter>Source Files\materials</Filter>
    </ClCompile>
    <ClCompile Include="..\src\objects\Line.cpp">
      <Filter>Source Files\objects</Filter>
    </ClCompile>
    <ClCompile Include="..\src\objects\Mesh.cpp">
      <Filter>Source Files\objects</Filter>
    </ClCompile>
    <ClCompile Include="..\src\objects\Point.cpp">
      <Filter>Source Files\objects</Filter>
    </ClCompile>
    <ClCompile Include="..\src\scenes\Scene.cpp">
      <Filter>Source Files\scenes</Filter>
    </ClCompile>
    <ClCompile Include="..\src\renderers\OpenGLWinRenderer.cpp">
      <Filter>Source Files\renderers</Filter>
    </ClCompile>
    <ClCompile Include="..\src\math\Color.cpp">
      <Filter>Source Files\math</Filter>
    </ClCompile>
    <ClCompile Include="..\src\math\Frustrum.cpp">
      <Filter>Source Files\math</Filter>
    </ClCompile>
    <ClCompile Include="..\src\math\Line3.cpp">
      <Filter>Source Files\math</Filter>
    </ClCompile>
    <ClCompile Include="..\src\math\Plane.cpp">
      <Filter>Source Files\math</Filter>
    </ClCompile>
    <ClCompile Include="..\src\math\Ray.cpp">
      <Filter>Source Files\math</Filter>
    </ClCompile>
    <ClCompile Include="..\src\math\Triangle.cpp">
      <Filter>Source Files\math</Filter>
    </ClCompile>
    <ClCompile Include="..\src\math\Vector4.cpp">
      <Filter>Source Files\math</Filter>
    </ClCompile>
    <ClCompile Include="..\src\renderers\opengl\OpenGLBufferRenderer.cpp">
      <Filter>Source Files\renderers\opengl</Filter>
    </ClCompile>
    <ClCompile Include="..\src\renderers\opengl\OpenGLGeometries.cpp">
      <Filter>Source Files\renderers\opengl</Filter>
    </ClCompile>
    <ClCompile Include="..\src\renderers\opengl\OpenGLIndexedBufferRenderer.cpp">
      <Filter>Source Files\renderers\opengl</Filter>
    </ClCompile>
    <ClCompile Include="..\src\renderers\opengl\OpenGLProgram.cpp">
      <Filter>Source Files\renderers\opengl</Filter>
    </ClCompile>
    <ClCompile Include="..\src\renderers\opengl\OpenGLShadowMap.cpp">
      <Filter>Source Files\renderers\opengl</Filter>
    </ClCompile>
    <ClCompile Include="..\src\renderers\shaders\ShaderChunk.cpp">
      <Filter>Source Files\renderers\shaders</Filter>
    </ClCompile>
    <ClCompile Include="..\src\renderers\shaders\ShaderLib.cpp">
      <Filter>Source Files\renderers\shaders</Filter>
    </ClCompile>
    <ClCompile Include="..\src\renderers\shaders\UniformsLib.cpp">
      <Filter>Source Files\renderers\shaders</Filter>
    </ClCompile>
    <ClCompile Include="..\src\renderers\shaders\UniformsUtils.cpp">
      <Filter>Source Files\renderers\shaders</Filter>
    </ClCompile>
    <ClCompile Include="..\src\renderers\shaders\ShaderLib\background_frag.glsl.cpp">
      <Filter>Source Files\renderers\shaders\ShaderLib</Filter>
    </ClCompile>
    <ClCompile Include="..\src\renderers\shaders\ShaderLib\background_vert.glsl.cpp">
      <Filter>Source Files\renderers\shaders\ShaderLib</Filter>
    </ClCompile>
    <ClCompile Include="..\src\renderers\shaders\ShaderLib\cube_frag.glsl.cpp">
      <Filter>Source Files\renderers\shaders\ShaderLib</Filter>
    </ClCompile>
    <ClCompile Include="..\src\renderers\shaders\ShaderLib\cube_vert.glsl.cpp">
      <Filter>Source Files\renderers\shaders\ShaderLib</Filter>
    </ClCompile>
    <ClCompile Include="..\src\renderers\shaders\ShaderLib\depth_frag.glsl.cpp">
      <Filter>Source Files\renderers\shaders\ShaderLib</Filter>
    </ClCompile>
    <ClCompile Include="..\src\renderers\shaders\ShaderLib\depth_vert.glsl.cpp">
      <Filter>Source Files\renderers\shaders\ShaderLib</Filter>
    </ClCompile>
    <ClCompile Include="..\src\renderers\shaders\ShaderLib\distanceRGBA_frag.glsl.cpp">
      <Filter>Source Files\renderers\shaders\ShaderLib</Filter>
    </ClCompile>
    <ClCompile Include="..\src\renderers\shaders\ShaderLib\distanceRGBA_vert.glsl.cpp">
      <Filter>Source Files\renderers\shaders\ShaderLib</Filter>
    </ClCompile>
    <ClCompile Include="..\src\renderers\shaders\ShaderLib\equirect_frag.glsl.cpp">
      <Filter>Source Files\renderers\shaders\ShaderLib</Filter>
    </ClCompile>
    <ClCompile Include="..\src\renderers\shaders\ShaderLib\equirect_vert.glsl.cpp">
      <Filter>Source Files\renderers\shaders\ShaderLib</Filter>
    </ClCompile>
    <ClCompile Include="..\src\renderers\shaders\ShaderLib\linedashed_frag.glsl.cpp">
      <Filter>Source Files\renderers\shaders\ShaderLib</Filter>
    </ClCompile>
    <ClCompile Include="..\src\renderers\shaders\ShaderLib\linedashed_vert.glsl.cpp">
      <Filter>Source Files\renderers\shaders\ShaderLib</Filter>
    </ClCompile>
    <ClCompile Include="..\src\renderers\shaders\ShaderLib\meshbasic_frag.glsl.cpp">
      <Filter>Source Files\renderers\shaders\ShaderLib</Filter>
    </ClCompile>
    <ClCompile Include="..\src\renderers\shaders\ShaderLib\meshbasic_vert.glsl.cpp">
      <Filter>Source Files\renderers\shaders\ShaderLib</Filter>
    </ClCompile>
    <ClCompile Include="..\src\renderers\shaders\ShaderLib\meshlambert_frag.glsl.cpp">
      <Filter>Source Files\renderers\shaders\ShaderLib</Filter>
    </ClCompile>
    <ClCompile Include="..\src\renderers\shaders\ShaderLib\meshlambert_vert.glsl.cpp">
      <Filter>Source Files\renderers\shaders\ShaderLib</Filter>
    </ClCompile>
    <ClCompile Include="..\src\renderers\shaders\ShaderLib\meshmatcap_frag.glsl.cpp">
      <Filter>Source Files\renderers\shaders\ShaderLib</Filter>
    </ClCompile>
    <ClCompile Include="..\src\renderers\shaders\ShaderLib\meshmatcap_vert.glsl.cpp">
      <Filter>Source Files\renderers\shaders\ShaderLib</Filter>
    </ClCompile>
    <ClCompile Include="..\src\renderers\shaders\ShaderLib\meshphong_frag.glsl.cpp">
      <Filter>Source Files\renderers\shaders\ShaderLib</Filter>
    </ClCompile>
    <ClCompile Include="..\src\renderers\shaders\ShaderLib\meshphong_vert.glsl.cpp">
      <Filter>Source Files\renderers\shaders\ShaderLib</Filter>
    </ClCompile>
    <ClCompile Include="..\src\renderers\shaders\ShaderLib\meshphysical_frag.glsl.cpp">
      <Filter>Source Files\renderers\shaders\ShaderLib</Filter>
    </ClCompile>
    <ClCompile Include="..\src\renderers\shaders\ShaderLib\meshphysical_vert.glsl.cpp">
      <Filter>Source Files\renderers\shaders\ShaderLib</Filter>
    </ClCompile>
    <ClCompile Include="..\src\renderers\shaders\ShaderLib\normal_frag.glsl.cpp">
      <Filter>Source Files\renderers\shaders\ShaderLib</Filter>
    </ClCompile>
    <ClCompile Include="..\src\renderers\shaders\ShaderLib\normal_vert.glsl.cpp">
      <Filter>Source Files\renderers\shaders\ShaderLib</Filter>
    </ClCompile>
    <ClCompile Include="..\src\renderers\shaders\ShaderLib\points_frag.glsl.cpp">
      <Filter>Source Files\renderers\shaders\ShaderLib</Filter>
    </ClCompile>
    <ClCompile Include="..\src\renderers\shaders\ShaderLib\points_vert.glsl.cpp">
      <Filter>Source Files\renderers\shaders\ShaderLib</Filter>
    </ClCompile>
    <ClCompile Include="..\src\renderers\shaders\ShaderLib\shadow_frag.glsl.cpp">
      <Filter>Source Files\renderers\shaders\ShaderLib</Filter>
    </ClCompile>
    <ClCompile Include="..\src\renderers\shaders\ShaderLib\shadow_vert.glsl.cpp">
      <Filter>Source Files\renderers\shaders\ShaderLib</Filter>
    </ClCompile>
    <ClCompile Include="..\src\renderers\shaders\ShaderLib\sprite_frag.glsl.cpp">
      <Filter>Source Files\renderers\shaders\ShaderLib</Filter>
    </ClCompile>
    <ClCompile Include="..\src\renderers\shaders\ShaderLib\sprite_vert.glsl.cpp">
      <Filter>Source Files\renderers\shaders\ShaderLib</Filter>
    </ClCompile>
    <ClCompile Include="..\src\renderers\shaders\ShaderChunk\alphamap_fragment.glsl.cpp">
      <Filter>Source Files\renderers\shaders\ShaderChunk</Filter>
    </ClCompile>
    <ClCompile Include="..\src\renderers\shaders\ShaderChunk\alphamap_pars_fragment.glsl.cpp">
      <Filter>Source Files\renderers\shaders\ShaderChunk</Filter>
    </ClCompile>
    <ClCompile Include="..\src\renderers\shaders\ShaderChunk\alphatest_fragment.glsl.cpp">
      <Filter>Source Files\renderers\shaders\ShaderChunk</Filter>
    </ClCompile>
    <ClCompile Include="..\src\renderers\shaders\ShaderChunk\aomap_fragment.glsl.cpp">
      <Filter>Source Files\renderers\shaders\ShaderChunk</Filter>
    </ClCompile>
    <ClCompile Include="..\src\renderers\shaders\ShaderChunk\aomap_pars_fragment.glsl.cpp">
      <Filter>Source Files\renderers\shaders\ShaderChunk</Filter>
    </ClCompile>
    <ClCompile Include="..\src\renderers\shaders\ShaderChunk\begin_vertex.glsl.cpp">
      <Filter>Source Files\renderers\shaders\ShaderChunk</Filter>
    </ClCompile>
    <ClCompile Include="..\src\renderers\shaders\ShaderChunk\beginnormal_vertex.glsl.cpp">
      <Filter>Source Files\renderers\shaders\ShaderChunk</Filter>
    </ClCompile>
    <ClCompile Include="..\src\renderers\shaders\ShaderChunk\bsdfs.glsl.cpp">
      <Filter>Source Files\renderers\shaders\ShaderChunk</Filter>
    </ClCompile>
    <ClCompile Include="..\src\renderers\shaders\ShaderChunk\bumpmap_pars_fragment.glsl.cpp">
      <Filter>Source Files\renderers\shaders\ShaderChunk</Filter>
    </ClCompile>
    <ClCompile Include="..\src\renderers\shaders\ShaderChunk\clipping_planes_fragment.glsl.cpp">
      <Filter>Source Files\renderers\shaders\ShaderChunk</Filter>
    </ClCompile>
    <ClCompile Include="..\src\renderers\shaders\ShaderChunk\clipping_planes_pars_fragment.glsl.cpp">
      <Filter>Source Files\renderers\shaders\ShaderChunk</Filter>
    </ClCompile>
    <ClCompile Include="..\src\renderers\shaders\ShaderChunk\clipping_planes_pars_vertex.glsl.cpp">
      <Filter>Source Files\renderers\shaders\ShaderChunk</Filter>
    </ClCompile>
    <ClCompile Include="..\src\renderers\shaders\ShaderChunk\clipping_planes_vertex.glsl.cpp">
      <Filter>Source Files\renderers\shaders\ShaderChunk</Filter>
    </ClCompile>
    <ClCompile Include="..\src\renderers\shaders\ShaderChunk\color_fragment.glsl.cpp">
      <Filter>Source Files\renderers\shaders\ShaderChunk</Filter>
    </ClCompile>
    <ClCompile Include="..\src\renderers\shaders\ShaderChunk\color_pars_fragment.glsl.cpp">
      <Filter>Source Files\renderers\shaders\ShaderChunk</Filter>
    </ClCompile>
    <ClCompile Include="..\src\renderers\shaders\ShaderChunk\color_pars_vertex.glsl.cpp">
      <Filter>Source Files\renderers\shaders\ShaderChunk</Filter>
    </ClCompile>
    <ClCompile Include="..\src\renderers\shaders\ShaderChunk\color_vertex.glsl.cpp">
      <Filter>Source Files\renderers\shaders\ShaderChunk</Filter>
    </ClCompile>
    <ClCompile Include="..\src\renderers\shaders\ShaderChunk\common.glsl.cpp">
      <Filter>Source Files\renderers\shaders\ShaderChunk</Filter>
    </ClCompile>
    <ClCompile Include="..\src\renderers\shaders\ShaderChunk\cube_uv_reflection_fragment.glsl.cpp">
      <Filter>Source Files\renderers\shaders\ShaderChunk</Filter>
    </ClCompile>
    <ClCompile Include="..\src\renderers\shaders\ShaderChunk\defaultnormal_vertex.glsl.cpp">
      <Filter>Source Files\renderers\shaders\ShaderChunk</Filter>
    </ClCompile>
    <ClCompile Include="..\src\renderers\shaders\ShaderChunk\displacementmap_pars_vertex.glsl.cpp">
      <Filter>Source Files\renderers\shaders\ShaderChunk</Filter>
    </ClCompile>
    <ClCompile Include="..\src\renderers\shaders\ShaderChunk\displacementmap_vertex.glsl.cpp">
      <Filter>Source Files\renderers\shaders\ShaderChunk</Filter>
    </ClCompile>
    <ClCompile Include="..\src\renderers\shaders\ShaderChunk\dithering_fragment.glsl.cpp">
      <Filter>Source Files\renderers\shaders\ShaderChunk</Filter>
    </ClCompile>
    <ClCompile Include="..\src\renderers\shaders\ShaderChunk\dithering_pars_fragment.glsl.cpp">
      <Filter>Source Files\renderers\shaders\ShaderChunk</Filter>
    </ClCompile>
    <ClCompile Include="..\src\renderers\shaders\ShaderChunk\emissivemap_fragment.glsl.cpp">
      <Filter>Source Files\renderers\shaders\ShaderChunk</Filter>
    </ClCompile>
    <ClCompile Include="..\src\renderers\shaders\ShaderChunk\emissivemap_pars_fragment.glsl.cpp">
      <Filter>Source Files\renderers\shaders\ShaderChunk</Filter>
    </ClCompile>
    <ClCompile Include="..\src\renderers\shaders\ShaderChunk\encodings_fragment.glsl.cpp">
      <Filter>Source Files\renderers\shaders\ShaderChunk</Filter>
    </ClCompile>
    <ClCompile Include="..\src\renderers\shaders\ShaderChunk\encodings_pars_fragment.glsl.cpp">
      <Filter>Source Files\renderers\shaders\ShaderChunk</Filter>
    </ClCompile>
    <ClCompile Include="..\src\renderers\shaders\ShaderChunk\envmap_fragment.glsl.cpp">
      <Filter>Source Files\renderers\shaders\ShaderChunk</Filter>
    </ClCompile>
    <ClCompile Include="..\src\renderers\shaders\ShaderChunk\envmap_pars_fragment.glsl.cpp">
      <Filter>Source Files\renderers\shaders\ShaderChunk</Filter>
    </ClCompile>
    <ClCompile Include="..\src\renderers\shaders\ShaderChunk\envmap_pars_vertex.glsl.cpp">
      <Filter>Source Files\renderers\shaders\ShaderChunk</Filter>
    </ClCompile>
    <ClCompile Include="..\src\renderers\shaders\ShaderChunk\envmap_physical_pars_fragment.glsl.cpp">
      <Filter>Source Files\renderers\shaders\ShaderChunk</Filter>
    </ClCompile>
    <ClCompile Include="..\src\renderers\shaders\ShaderChunk\envmap_vertex.glsl.cpp">
      <Filter>Source Files\renderers\shaders\ShaderChunk</Filter>
    </ClCompile>
    <ClCompile Include="..\src\renderers\shaders\ShaderChunk\fog_fragment.glsl.cpp">
      <Filter>Source Files\renderers\shaders\ShaderChunk</Filter>
    </ClCompile>
    <ClCompile Include="..\src\renderers\shaders\ShaderChunk\fog_pars_fragment.glsl.cpp">
      <Filter>Source Files\renderers\shaders\ShaderChunk</Filter>
    </ClCompile>
    <ClCompile Include="..\src\renderers\shaders\ShaderChunk\fog_pars_vertex.glsl.cpp">
      <Filter>Source Files\renderers\shaders\ShaderChunk</Filter>
    </ClCompile>
    <ClCompile Include="..\src\renderers\shaders\ShaderChunk\fog_vertex.glsl.cpp">
      <Filter>Source Files\renderers\shaders\ShaderChunk</Filter>
    </ClCompile>
    <ClCompile Include="..\src\renderers\shaders\ShaderChunk\gradientmap_pars_fragment.glsl.cpp">
      <Filter>Source Files\renderers\shaders\ShaderChunk</Filter>
    </ClCompile>
    <ClCompile Include="..\src\renderers\shaders\ShaderChunk\lightmap_fragment.glsl.cpp">
      <Filter>Source Files\renderers\shaders\ShaderChunk</Filter>
    </ClCompile>
    <ClCompile Include="..\src\renderers\shaders\ShaderChunk\lightmap_pars_fragment.glsl.cpp">
      <Filter>Source Files\renderers\shaders\ShaderChunk</Filter>
    </ClCompile>
    <ClCompile Include="..\src\renderers\shaders\ShaderChunk\lights_fragment_begin.glsl.cpp">
      <Filter>Source Files\renderers\shaders\ShaderChunk</Filter>
    </ClCompile>
    <ClCompile Include="..\src\renderers\shaders\ShaderChunk\lights_fragment_end.glsl.cpp">
      <Filter>Source Files\renderers\shaders\ShaderChunk</Filter>
    </ClCompile>
    <ClCompile Include="..\src\renderers\shaders\ShaderChunk\lights_fragment_maps.glsl.cpp">
      <Filter>Source Files\renderers\shaders\ShaderChunk</Filter>
    </ClCompile>
    <ClCompile Include="..\src\renderers\shaders\ShaderChunk\lights_lambert_vertex.glsl.cpp">
      <Filter>Source Files\renderers\shaders\ShaderChunk</Filter>
    </ClCompile>
    <ClCompile Include="..\src\renderers\shaders\ShaderChunk\lights_pars_begin.glsl.cpp">
      <Filter>Source Files\renderers\shaders\ShaderChunk</Filter>
    </ClCompile>
    <ClCompile Include="..\src\renderers\shaders\ShaderChunk\lights_phong_fragment.glsl.cpp">
      <Filter>Source Files\renderers\shaders\ShaderChunk</Filter>
    </ClCompile>
    <ClCompile Include="..\src\renderers\shaders\ShaderChunk\lights_phong_pars_fragment.glsl.cpp">
      <Filter>Source Files\renderers\shaders\ShaderChunk</Filter>
    </ClCompile>
    <ClCompile Include="..\src\renderers\shaders\ShaderChunk\lights_physical_fragment.glsl.cpp">
      <Filter>Source Files\renderers\shaders\ShaderChunk</Filter>
    </ClCompile>
    <ClCompile Include="..\src\renderers\shaders\ShaderChunk\lights_physical_pars_fragment.glsl.cpp">
      <Filter>Source Files\renderers\shaders\ShaderChunk</Filter>
    </ClCompile>
    <ClCompile Include="..\src\renderers\shaders\ShaderChunk\logdepthbuf_fragment.glsl.cpp">
      <Filter>Source Files\renderers\shaders\ShaderChunk</Filter>
    </ClCompile>
    <ClCompile Include="..\src\renderers\shaders\ShaderChunk\logdepthbuf_pars_fragment.glsl.cpp">
      <Filter>Source Files\renderers\shaders\ShaderChunk</Filter>
    </ClCompile>
    <ClCompile Include="..\src\renderers\shaders\ShaderChunk\logdepthbuf_pars_vertex.glsl.cpp">
      <Filter>Source Files\renderers\shaders\ShaderChunk</Filter>
    </ClCompile>
    <ClCompile Include="..\src\renderers\shaders\ShaderChunk\logdepthbuf_vertex.glsl.cpp">
      <Filter>Source Files\renderers\shaders\ShaderChunk</Filter>
    </ClCompile>
    <ClCompile Include="..\src\renderers\shaders\ShaderChunk\map_fragment.glsl.cpp">
      <Filter>Source Files\renderers\shaders\ShaderChunk</Filter>
    </ClCompile>
    <ClCompile Include="..\src\renderers\shaders\ShaderChunk\map_pars_fragment.glsl.cpp">
      <Filter>Source Files\renderers\shaders\ShaderChunk</Filter>
    </ClCompile>
    <ClCompile Include="..\src\renderers\shaders\ShaderChunk\map_particle_fragment.glsl.cpp">
      <Filter>Source Files\renderers\shaders\ShaderChunk</Filter>
    </ClCompile>
    <ClCompile Include="..\src\renderers\shaders\ShaderChunk\map_particle_pars_fragment.glsl.cpp">
      <Filter>Source Files\renderers\shaders\ShaderChunk</Filter>
    </ClCompile>
    <ClCompile Include="..\src\renderers\shaders\ShaderChunk\metalnessmap_fragment.glsl.cpp">
      <Filter>Source Files\renderers\shaders\ShaderChunk</Filter>
    </ClCompile>
    <ClCompile Include="..\src\renderers\shaders\ShaderChunk\metalnessmap_pars_fragment.glsl.cpp">
      <Filter>Source Files\renderers\shaders\ShaderChunk</Filter>
    </ClCompile>
    <ClCompile Include="..\src\renderers\shaders\ShaderChunk\morphnormal_vertex.glsl.cpp">
      <Filter>Source Files\renderers\shaders\ShaderChunk</Filter>
    </ClCompile>
    <ClCompile Include="..\src\renderers\shaders\ShaderChunk\morphtarget_pars_vertex.glsl.cpp">
      <Filter>Source Files\renderers\shaders\ShaderChunk</Filter>
    </ClCompile>
    <ClCompile Include="..\src\renderers\shaders\ShaderChunk\morphtarget_vertex.glsl.cpp">
      <Filter>Source Files\renderers\shaders\ShaderChunk</Filter>
    </ClCompile>
    <ClCompile Include="..\src\renderers\shaders\ShaderChunk\normal_fragment_begin.glsl.cpp">
      <Filter>Source Files\renderers\shaders\ShaderChunk</Filter>
    </ClCompile>
    <ClCompile Include="..\src\renderers\shaders\ShaderChunk\normal_fragment_maps.glsl.cpp">
      <Filter>Source Files\renderers\shaders\ShaderChunk</Filter>
    </ClCompile>
    <ClCompile Include="..\src\renderers\shaders\ShaderChunk\normalmap_pars_fragment.glsl.cpp">
      <Filter>Source Files\renderers\shaders\ShaderChunk</Filter>
    </ClCompile>
    <ClCompile Include="..\src\renderers\shaders\ShaderChunk\packing.glsl.cpp">
      <Filter>Source Files\renderers\shaders\ShaderChunk</Filter>
    </ClCompile>
    <ClCompile Include="..\src\renderers\shaders\ShaderChunk\premultiplied_alpha_fragment.glsl.cpp">
      <Filter>Source Files\renderers\shaders\ShaderChunk</Filter>
    </ClCompile>
    <ClCompile Include="..\src\renderers\shaders\ShaderChunk\project_vertex.glsl.cpp">
      <Filter>Source Files\renderers\shaders\ShaderChunk</Filter>
    </ClCompile>
    <ClCompile Include="..\src\renderers\shaders\ShaderChunk\roughnessmap_fragment.glsl.cpp">
      <Filter>Source Files\renderers\shaders\ShaderChunk</Filter>
    </ClCompile>
    <ClCompile Include="..\src\renderers\shaders\ShaderChunk\roughnessmap_pars_fragment.glsl.cpp">
      <Filter>Source Files\renderers\shaders\ShaderChunk</Filter>
    </ClCompile>
    <ClCompile Include="..\src\renderers\shaders\ShaderChunk\shadowmap_pars_fragment.glsl.cpp">
      <Filter>Source Files\renderers\shaders\ShaderChunk</Filter>
    </ClCompile>
    <ClCompile Include="..\src\renderers\shaders\ShaderChunk\shadowmap_pars_vertex.glsl.cpp">
      <Filter>Source Files\renderers\shaders\ShaderChunk</Filter>
    </ClCompile>
    <ClCompile Include="..\src\renderers\shaders\ShaderChunk\shadowmap_vertex.glsl.cpp">
      <Filter>Source Files\renderers\shaders\ShaderChunk</Filter>
    </ClCompile>
    <ClCompile Include="..\src\renderers\shaders\ShaderChunk\shadowmask_pars_fragment.glsl.cpp">
      <Filter>Source Files\renderers\shaders\ShaderChunk</Filter>
    </ClCompile>
    <ClCompile Include="..\src\renderers\shaders\ShaderChunk\skinbase_vertex.glsl.cpp">
      <Filter>Source Files\renderers\shaders\ShaderChunk</Filter>
    </ClCompile>
    <ClCompile Include="..\src\renderers\shaders\ShaderChunk\skinning_pars_vertex.glsl.cpp">
      <Filter>Source Files\renderers\shaders\ShaderChunk</Filter>
    </ClCompile>
    <ClCompile Include="..\src\renderers\shaders\ShaderChunk\skinning_vertex.glsl.cpp">
      <Filter>Source Files\renderers\shaders\ShaderChunk</Filter>
    </ClCompile>
    <ClCompile Include="..\src\renderers\shaders\ShaderChunk\skinnormal_vertex.glsl.cpp">
      <Filter>Source Files\renderers\shaders\ShaderChunk</Filter>
    </ClCompile>
    <ClCompile Include="..\src\renderers\shaders\ShaderChunk\specularmap_fragment.glsl.cpp">
      <Filter>Source Files\renderers\shaders\ShaderChunk</Filter>
    </ClCompile>
    <ClCompile Include="..\src\renderers\shaders\ShaderChunk\specularmap_pars_fragment.glsl.cpp">
      <Filter>Source Files\renderers\shaders\ShaderChunk</Filter>
    </ClCompile>
    <ClCompile Include="..\src\renderers\shaders\ShaderChunk\tonemapping_fragment.glsl.cpp">
      <Filter>Source Files\renderers\shaders\ShaderChunk</Filter>
    </ClCompile>
    <ClCompile Include="..\src\renderers\shaders\ShaderChunk\tonemapping_pars_fragment.glsl.cpp">
      <Filter>Source Files\renderers\shaders\ShaderChunk</Filter>
    </ClCompile>
    <ClCompile Include="..\src\renderers\shaders\ShaderChunk\uv_pars_fragment.glsl.cpp">
      <Filter>Source Files\renderers\shaders\ShaderChunk</Filter>
    </ClCompile>
    <ClCompile Include="..\src\renderers\shaders\ShaderChunk\uv_pars_vertex.glsl.cpp">
      <Filter>Source Files\renderers\shaders\ShaderChunk</Filter>
    </ClCompile>
    <ClCompile Include="..\src\renderers\shaders\ShaderChunk\uv_vertex.glsl.cpp">
      <Filter>Source Files\renderers\shaders\ShaderChunk</Filter>
    </ClCompile>
    <ClCompile Include="..\src\renderers\shaders\ShaderChunk\uv2_pars_fragment.glsl.cpp">
      <Filter>Source Files\renderers\shaders\ShaderChunk</Filter>
    </ClCompile>
    <ClCompile Include="..\src\renderers\shaders\ShaderChunk\uv2_pars_vertex.glsl.cpp">
      <Filter>Source Files\renderers\shaders\ShaderChunk</Filter>
    </ClCompile>
    <ClCompile Include="..\src\renderers\shaders\ShaderChunk\uv2_vertex.glsl.cpp">
      <Filter>Source Files\renderers\shaders\ShaderChunk</Filter>
    </ClCompile>
    <ClCompile Include="..\src\renderers\shaders\ShaderChunk\worldpos_vertex.glsl.cpp">
      <Filter>Source Files\renderers\shaders\ShaderChunk</Filter>
    </ClCompile>
    <ClCompile Include="..\src\renderers\opengl\OpenGLAnimation.cpp">
      <Filter>Source Files\renderers\opengl</Filter>
    </ClCompile>
    <ClCompile Include="..\src\renderers\opengl\OpenGLAttributes.cpp">
      <Filter>Source Files\renderers\opengl</Filter>
    </ClCompile>
    <ClCompile Include="..\src\renderers\opengl\OpenGLBackground.cpp">
      <Filter>Source Files\renderers\opengl</Filter>
    </ClCompile>
    <ClCompile Include="..\src\renderers\opengl\OpenGLCapabilities.cpp">
      <Filter>Source Files\renderers\opengl</Filter>
    </ClCompile>
    <ClCompile Include="..\src\renderers\opengl\OpenGLClipping.cpp">
      <Filter>Source Files\renderers\opengl</Filter>
    </ClCompile>
    <ClCompile Include="..\src\renderers\opengl\OpenGLExtensions.cpp">
      <Filter>Source Files\renderers\opengl</Filter>
    </ClCompile>
    <ClCompile Include="..\src\renderers\opengl\OpenGLInfo.cpp">
      <Filter>Source Files\renderers\opengl</Filter>
    </ClCompile>
    <ClCompile Include="..\src\renderers\opengl\OpenGLLights.cpp">
      <Filter>Source Files\renderers\opengl</Filter>
    </ClCompile>
    <ClCompile Include="..\src\renderers\opengl\OpenGLMorphtargets.cpp">
      <Filter>Source Files\renderers\opengl</Filter>
    </ClCompile>
    <ClCompile Include="..\src\renderers\opengl\OpenGLObjects.cpp">
      <Filter>Source Files\renderers\opengl</Filter>
    </ClCompile>
    <ClCompile Include="..\src\renderers\opengl\OpenGLPrograms.cpp">
      <Filter>Source Files\renderers\opengl</Filter>
    </ClCompile>
    <ClCompile Include="..\src\renderers\opengl\OpenGLProperties.cpp">
      <Filter>Source Files\renderers\opengl</Filter>
    </ClCompile>
    <ClCompile Include="..\src\renderers\opengl\OpenGLRenderList.cpp">
      <Filter>Source Files\renderers\opengl</Filter>
    </ClCompile>
    <ClCompile Include="..\src\renderers\opengl\OpenGLRenderStates.cpp">
      <Filter>Source Files\renderers\opengl</Filter>
    </ClCompile>
    <ClCompile Include="..\src\renderers\opengl\OpenGLShader.cpp">
      <Filter>Source Files\renderers\opengl</Filter>
    </ClCompile>
    <ClCompile Include="..\src\renderers\opengl\OpenGLState.cpp">
      <Filter>Source Files\renderers\opengl</Filter>
    </ClCompile>
    <ClCompile Include="..\src\renderers\opengl\OpenGLTextures.cpp">
      <Filter>Source Files\renderers\opengl</Filter>
    </ClCompile>
    <ClCompile Include="..\src\renderers\opengl\OpenGLUniforms.cpp">
      <Filter>Source Files\renderers\opengl</Filter>
    </ClCompile>
    <ClCompile Include="..\src\renderers\opengl\OpenGLUtils.cpp">
      <Filter>Source Files\renderers\opengl</Filter>
    </ClCompile>
    <ClCompile Include="..\src\math\interpolants\CubicInterpolant.cpp">
      <Filter>Source Files\math\interpolants</Filter>
    </ClCompile>
    <ClCompile Include="..\src\math\interpolants\DiscreteInterpolant.cpp">
      <Filter>Source Files\math\interpolants</Filter>
    </ClCompile>
    <ClCompile Include="..\src\math\interpolants\LinearInterpolant.cpp">
      <Filter>Source Files\math\interpolants</Filter>
    </ClCompile>
    <ClCompile Include="..\src\math\interpolants\QuaternionLinearInterpolant.cpp">
      <Filter>Source Files\math\interpolants</Filter>
    </ClCompile>
    <ClCompile Include="..\src\math\Box2.cpp">
      <Filter>Source Files\math</Filter>
    </ClCompile>
    <ClCompile Include="..\src\math\Box3.cpp">
      <Filter>Source Files\math</Filter>
    </ClCompile>
    <ClCompile Include="..\src\math\Cylindrical.cpp">
      <Filter>Source Files\math</Filter>
    </ClCompile>
    <ClCompile Include="..\src\math\Interpolant.cpp">
      <Filter>Source Files\math</Filter>
    </ClCompile>
    <ClCompile Include="..\src\math\Sphere.cpp">
      <Filter>Source Files\math</Filter>
    </ClCompile>
    <ClCompile Include="..\src\math\Spherical.cpp">
      <Filter>Source Files\math</Filter>
    </ClCompile>
    <ClCompile Include="..\src\math\Vector2.cpp">
      <Filter>Source Files\math</Filter>
    </ClCompile>
    <ClCompile Include="..\src\renderers\opengl\OpenGL.cpp">
      <Filter>Source Files\renderers\opengl</Filter>
    </ClCompile>
    <ClCompile Include="..\src\Constants.cpp">
      <Filter>Source Files</Filter>
    </ClCompile>
    <ClCompile Include="..\src\materials\LineBasicMaterial.cpp">
      <Filter>Source Files\materials</Filter>
    </ClCompile>
    <ClCompile Include="..\src\materials\LineDashedMaterial.cpp">
      <Filter>Source Files\materials</Filter>
    </ClCompile>
    <ClCompile Include="..\src\materials\MeshDepthMaterial.cpp">
      <Filter>Source Files\materials</Filter>
    </ClCompile>
    <ClCompile Include="..\src\materials\MeshDistanceMaterial.cpp">
      <Filter>Source Files\materials</Filter>
    </ClCompile>
    <ClCompile Include="..\src\materials\MeshMatcapMaterial.cpp">
      <Filter>Source Files\materials</Filter>
    </ClCompile>
    <ClCompile Include="..\src\materials\MeshNormalMaterial.cpp">
      <Filter>Source Files\materials</Filter>
    </ClCompile>
    <ClCompile Include="..\src\materials\MeshPhongMaterial.cpp">
      <Filter>Source Files\materials</Filter>
    </ClCompile>
    <ClCompile Include="..\src\materials\MeshPhysicalMaterial.cpp">
      <Filter>Source Files\materials</Filter>
    </ClCompile>
    <ClCompile Include="..\src\materials\MeshStandardMaterial.cpp">
      <Filter>Source Files\materials</Filter>
    </ClCompile>
    <ClCompile Include="..\src\materials\MeshToonMaterial.cpp">
      <Filter>Source Files\materials</Filter>
    </ClCompile>
    <ClCompile Include="..\src\materials\PointsMaterial.cpp">
      <Filter>Source Files\materials</Filter>
    </ClCompile>
    <ClCompile Include="..\src\materials\RawShaderMaterial.cpp">
      <Filter>Source Files\materials</Filter>
    </ClCompile>
    <ClCompile Include="..\src\materials\ShaderMaterial.cpp">
      <Filter>Source Files\materials</Filter>
    </ClCompile>
    <ClCompile Include="..\src\materials\ShadowMaterial.cpp">
      <Filter>Source Files\materials</Filter>
    </ClCompile>
    <ClCompile Include="..\src\materials\SpriteMaterial.cpp">
      <Filter>Source Files\materials</Filter>
    </ClCompile>
    <ClCompile Include="..\src\core\BufferAttribute.cpp">
      <Filter>Source Files\core</Filter>
    </ClCompile>
    <ClCompile Include="..\src\core\BufferGeometry.cpp">
      <Filter>Source Files\core</Filter>
    </ClCompile>
    <ClCompile Include="..\src\core\Clock.cpp">
      <Filter>Source Files\core</Filter>
    </ClCompile>
    <ClCompile Include="..\src\core\DirectGeometry.cpp">
      <Filter>Source Files\core</Filter>
    </ClCompile>
    <ClCompile Include="..\src\core\InstancedBufferAttribute.cpp">
      <Filter>Source Files\core</Filter>
    </ClCompile>
    <ClCompile Include="..\src\core\InstancedBufferGeometry.cpp">
      <Filter>Source Files\core</Filter>
    </ClCompile>
    <ClCompile Include="..\src\core\InstancedInterleavedBuffer.cpp">
      <Filter>Source Files\core</Filter>
    </ClCompile>
    <ClCompile Include="..\src\core\InterleavedBuffer.cpp">
      <Filter>Source Files\core</Filter>
    </ClCompile>
    <ClCompile Include="..\src\core\InterleavedBufferAttribute.cpp">
      <Filter>Source Files\core</Filter>
    </ClCompile>
    <ClCompile Include="..\src\core\Layers.cpp">
      <Filter>Source Files\core</Filter>
    </ClCompile>
    <ClCompile Include="..\src\core\Raycaster.cpp">
      <Filter>Source Files\core</Filter>
    </ClCompile>
    <ClCompile Include="..\src\core\Uniform.cpp">
      <Filter>Source Files\core</Filter>
    </ClCompile>
    <ClCompile Include="..\src\geometries\CylinderGeometry.cpp">
      <Filter>Source Files\geometries</Filter>
    </ClCompile>
    <ClCompile Include="..\src\geometries\DodecahedronGeometry.cpp">
      <Filter>Source Files\geometries</Filter>
    </ClCompile>
    <ClCompile Include="..\src\geometries\EdgesGeometry.cpp">
      <Filter>Source Files\geometries</Filter>
    </ClCompile>
    <ClCompile Include="..\src\geometries\ExtrudeGeometry.cpp">
      <Filter>Source Files\geometries</Filter>
    </ClCompile>
    <ClCompile Include="..\src\geometries\IcosahedronGeometry.cpp">
      <Filter>Source Files\geometries</Filter>
    </ClCompile>
    <ClCompile Include="..\src\geometries\LatheGeometry.cpp">
      <Filter>Source Files\geometries</Filter>
    </ClCompile>
    <ClCompile Include="..\src\geometries\OctahedronGeometry.cpp">
      <Filter>Source Files\geometries</Filter>
    </ClCompile>
    <ClCompile Include="..\src\geometries\ParametricGeometry.cpp">
      <Filter>Source Files\geometries</Filter>
    </ClCompile>
    <ClCompile Include="..\src\geometries\PolyhedronGeometry.cpp">
      <Filter>Source Files\geometries</Filter>
    </ClCompile>
    <ClCompile Include="..\src\geometries\RingGeometry.cpp">
      <Filter>Source Files\geometries</Filter>
    </ClCompile>
    <ClCompile Include="..\src\geometries\ShapeGeometry.cpp">
      <Filter>Source Files\geometries</Filter>
    </ClCompile>
    <ClCompile Include="..\src\geometries\TetrahedronGeometry.cpp">
      <Filter>Source Files\geometries</Filter>
    </ClCompile>
    <ClCompile Include="..\src\geometries\TorusGeometry.cpp">
      <Filter>Source Files\geometries</Filter>
    </ClCompile>
    <ClCompile Include="..\src\geometries\TorusKnotGeometry.cpp">
      <Filter>Source Files\geometries</Filter>
    </ClCompile>
    <ClCompile Include="..\src\geometries\TubeGeometry.cpp">
      <Filter>Source Files\geometries</Filter>
    </ClCompile>
    <ClCompile Include="..\src\geometries\WireframeGeometry.cpp">
      <Filter>Source Files\geometries</Filter>
    </ClCompile>
  </ItemGroup>
  <ItemGroup>
    <ClInclude Include="..\src\stdafx.h">
      <Filter>Header Files</Filter>
    </ClInclude>
    <ClInclude Include="..\src\ThreeInclude.h">
      <Filter>Header Files</Filter>
    </ClInclude>
    <ClInclude Include="..\src\renderers\OpenGLRenderer.h">
      <Filter>Source Files\renderers</Filter>
    </ClInclude>
    <ClInclude Include="..\src\math\math.h">
      <Filter>Source Files\math</Filter>
    </ClInclude>
    <ClInclude Include="..\src\math\Matrix3.h">
      <Filter>Source Files\math</Filter>
    </ClInclude>
    <ClInclude Include="..\src\math\Vector3.h">
      <Filter>Source Files\math</Filter>
    </ClInclude>
    <ClInclude Include="..\src\math\Matrix4.h">
      <Filter>Source Files\math</Filter>
    </ClInclude>
    <ClInclude Include="..\src\math\Euler.h">
      <Filter>Source Files\math</Filter>
    </ClInclude>
    <ClInclude Include="..\src\math\Quaternion.h">
      <Filter>Source Files\math</Filter>
    </ClInclude>
    <ClInclude Include="..\src\cameras\Camera.h">
      <Filter>Source Files\cameras</Filter>
    </ClInclude>
    <ClInclude Include="..\src\cameras\CubeCamera.h">
      <Filter>Source Files\cameras</Filter>
    </ClInclude>
    <ClInclude Include="..\src\cameras\OrthographicCamera.h">
      <Filter>Source Files\cameras</Filter>
    </ClInclude>
    <ClInclude Include="..\src\cameras\PerspectiveCamera.h">
      <Filter>Source Files\cameras</Filter>
    </ClInclude>
    <ClInclude Include="..\src\core\Face3.h">
      <Filter>Source Files\core</Filter>
    </ClInclude>
    <ClInclude Include="..\src\core\Geometry.h">
      <Filter>Source Files\core</Filter>
    </ClInclude>
    <ClInclude Include="..\src\core\Object3D.h">
      <Filter>Source Files\core</Filter>
    </ClInclude>
    <ClInclude Include="..\src\geometries\BoxGeometry.h">
      <Filter>Source Files\geometries</Filter>
    </ClInclude>
    <ClInclude Include="..\src\geometries\CircleGeometry.h">
      <Filter>Source Files\geometries</Filter>
    </ClInclude>
    <ClInclude Include="..\src\geometries\ConeGeometry.h">
      <Filter>Source Files\geometries</Filter>
    </ClInclude>
    <ClInclude Include="..\src\geometries\Geometries.h">
      <Filter>Source Files\geometries</Filter>
    </ClInclude>
    <ClInclude Include="..\src\geometries\PlaneGeometry.h">
      <Filter>Source Files\geometries</Filter>
    </ClInclude>
    <ClInclude Include="..\src\geometries\SphereGeometry.h">
      <Filter>Source Files\geometries</Filter>
    </ClInclude>
    <ClInclude Include="..\src\lights\AmbientLight.h">
      <Filter>Source Files\lights</Filter>
    </ClInclude>
    <ClInclude Include="..\src\lights\Light.h">
      <Filter>Source Files\lights</Filter>
    </ClInclude>
    <ClInclude Include="..\src\materials\Material.h">
      <Filter>Source Files\materials</Filter>
    </ClInclude>
    <ClInclude Include="..\src\materials\Materials.h">
      <Filter>Source Files\materials</Filter>
    </ClInclude>
    <ClInclude Include="..\src\materials\MeshBasicMaterial.h">
      <Filter>Source Files\materials</Filter>
    </ClInclude>
    <ClInclude Include="..\src\materials\MeshLambertMaterial.h">
      <Filter>Source Files\materials</Filter>
    </ClInclude>
    <ClInclude Include="..\src\objects\Line.h">
      <Filter>Source Files\objects</Filter>
    </ClInclude>
    <ClInclude Include="..\src\objects\Mesh.h">
      <Filter>Source Files\objects</Filter>
    </ClInclude>
    <ClInclude Include="..\src\objects\Point.h">
      <Filter>Source Files\objects</Filter>
    </ClInclude>
    <ClInclude Include="..\src\scenes\Scene.h">
      <Filter>Source Files\scenes</Filter>
    </ClInclude>
    <ClInclude Include="..\src\renderers\OpenGLWinRenderer.h">
      <Filter>Source Files\renderers</Filter>
    </ClInclude>
    <ClInclude Include="..\src\math\Color.h">
      <Filter>Source Files\math</Filter>
    </ClInclude>
    <ClInclude Include="..\src\math\Frustrum.h">
      <Filter>Source Files\math</Filter>
    </ClInclude>
    <ClInclude Include="..\src\math\Line3.h">
      <Filter>Source Files\math</Filter>
    </ClInclude>
    <ClInclude Include="..\src\math\Plane.h">
      <Filter>Source Files\math</Filter>
    </ClInclude>
    <ClInclude Include="..\src\math\Ray.h">
      <Filter>Source Files\math</Filter>
    </ClInclude>
    <ClInclude Include="..\src\math\Triangle.h">
      <Filter>Source Files\math</Filter>
    </ClInclude>
    <ClInclude Include="..\src\math\Vector4.h">
      <Filter>Source Files\math</Filter>
    </ClInclude>
    <ClInclude Include="..\src\renderers\opengl\OpenGLBufferRenderer.h">
      <Filter>Source Files\renderers\opengl</Filter>
    </ClInclude>
    <ClInclude Include="..\src\renderers\opengl\OpenGLGeometries.h">
      <Filter>Source Files\renderers\opengl</Filter>
    </ClInclude>
    <ClInclude Include="..\src\renderers\opengl\OpenGLIndexedBufferRenderer.h">
      <Filter>Source Files\renderers\opengl</Filter>
    </ClInclude>
    <ClInclude Include="..\src\renderers\opengl\OpenGLProgram.h">
      <Filter>Source Files\renderers\opengl</Filter>
    </ClInclude>
    <ClInclude Include="..\src\renderers\opengl\OpenGLShadowMap.h">
      <Filter>Source Files\renderers\opengl</Filter>
    </ClInclude>
    <ClInclude Include="..\src\renderers\shaders\ShaderChunk.h">
      <Filter>Source Files\renderers\shaders</Filter>
    </ClInclude>
    <ClInclude Include="..\src\renderers\shaders\ShaderLib.h">
      <Filter>Source Files\renderers\shaders</Filter>
    </ClInclude>
    <ClInclude Include="..\src\renderers\shaders\UniformsLib.h">
      <Filter>Source Files\renderers\shaders</Filter>
    </ClInclude>
    <ClInclude Include="..\src\renderers\shaders\UniformsUtils.h">
      <Filter>Source Files\renderers\shaders</Filter>
    </ClInclude>
    <ClInclude Include="..\src\renderers\opengl\OpenGLAnimation.h">
      <Filter>Source Files\renderers\opengl</Filter>
    </ClInclude>
    <ClInclude Include="..\src\renderers\opengl\OpenGLAttributes.h">
      <Filter>Source Files\renderers\opengl</Filter>
    </ClInclude>
    <ClInclude Include="..\src\renderers\opengl\OpenGLBackground.h">
      <Filter>Source Files\renderers\opengl</Filter>
    </ClInclude>
    <ClInclude Include="..\src\renderers\opengl\OpenGLCapabilities.h">
      <Filter>Source Files\renderers\opengl</Filter>
    </ClInclude>
    <ClInclude Include="..\src\renderers\opengl\OpenGLClipping.h">
      <Filter>Source Files\renderers\opengl</Filter>
    </ClInclude>
    <ClInclude Include="..\src\renderers\opengl\OpenGLExtensions.h">
      <Filter>Source Files\renderers\opengl</Filter>
    </ClInclude>
    <ClInclude Include="..\src\renderers\opengl\OpenGLInfo.h">
      <Filter>Source Files\renderers\opengl</Filter>
    </ClInclude>
    <ClInclude Include="..\src\renderers\opengl\OpenGLLights.h">
      <Filter>Source Files\renderers\opengl</Filter>
    </ClInclude>
    <ClInclude Include="..\src\renderers\opengl\OpenGLMorphtargets.h">
      <Filter>Source Files\renderers\opengl</Filter>
    </ClInclude>
    <ClInclude Include="..\src\renderers\opengl\OpenGLObjects.h">
      <Filter>Source Files\renderers\opengl</Filter>
    </ClInclude>
    <ClInclude Include="..\src\renderers\opengl\OpenGLPrograms.h">
      <Filter>Source Files\renderers\opengl</Filter>
    </ClInclude>
    <ClInclude Include="..\src\renderers\opengl\OpenGLProperties.h">
      <Filter>Source Files\renderers\opengl</Filter>
    </ClInclude>
    <ClInclude Include="..\src\renderers\opengl\OpenGLRenderList.h">
      <Filter>Source Files\renderers\opengl</Filter>
    </ClInclude>
    <ClInclude Include="..\src\renderers\opengl\OpenGLRenderStates.h">
      <Filter>Source Files\renderers\opengl</Filter>
    </ClInclude>
    <ClInclude Include="..\src\renderers\opengl\OpenGLShader.h">
      <Filter>Source Files\renderers\opengl</Filter>
    </ClInclude>
    <ClInclude Include="..\src\renderers\opengl\OpenGLState.h">
      <Filter>Source Files\renderers\opengl</Filter>
    </ClInclude>
    <ClInclude Include="..\src\renderers\opengl\OpenGLTextures.h">
      <Filter>Source Files\renderers\opengl</Filter>
    </ClInclude>
    <ClInclude Include="..\src\renderers\opengl\OpenGLUniforms.h">
      <Filter>Source Files\renderers\opengl</Filter>
    </ClInclude>
    <ClInclude Include="..\src\renderers\opengl\OpenGLUtils.h">
      <Filter>Source Files\renderers\opengl</Filter>
    </ClInclude>
    <ClInclude Include="..\src\math\interpolants\CubicInterpolant.h">
      <Filter>Source Files\math\interpolants</Filter>
    </ClInclude>
    <ClInclude Include="..\src\math\interpolants\DiscreteInterpolant.h">
      <Filter>Source Files\math\interpolants</Filter>
    </ClInclude>
    <ClInclude Include="..\src\math\interpolants\LinearInterpolant.h">
      <Filter>Source Files\math\interpolants</Filter>
    </ClInclude>
    <ClInclude Include="..\src\math\interpolants\QuaternionLinearInterpolant.h">
      <Filter>Source Files\math\interpolants</Filter>
    </ClInclude>
    <ClInclude Include="..\src\math\Box2.h">
      <Filter>Source Files\math</Filter>
    </ClInclude>
    <ClInclude Include="..\src\math\Box3.h">
      <Filter>Source Files\math</Filter>
    </ClInclude>
    <ClInclude Include="..\src\math\Cylindrical.h">
      <Filter>Source Files\math</Filter>
    </ClInclude>
    <ClInclude Include="..\src\math\Interpolant.h">
      <Filter>Source Files\math</Filter>
    </ClInclude>
    <ClInclude Include="..\src\math\Sphere.h">
      <Filter>Source Files\math</Filter>
    </ClInclude>
    <ClInclude Include="..\src\math\Spherical.h">
      <Filter>Source Files\math</Filter>
    </ClInclude>
    <ClInclude Include="..\src\math\Vector2.h">
      <Filter>Source Files\math</Filter>
    </ClInclude>
    <ClInclude Include="..\src\renderers\opengl\OpenGL.h">
      <Filter>Source Files\renderers\opengl</Filter>
    </ClInclude>
    <ClInclude Include="..\src\Constants.h">
      <Filter>Header Files</Filter>
    </ClInclude>
    <ClInclude Include="..\src\materials\LineBasicMaterial.h">
      <Filter>Source Files\materials</Filter>
    </ClInclude>
    <ClInclude Include="..\src\materials\LineDashedMaterial.h">
      <Filter>Source Files\materials</Filter>
    </ClInclude>
    <ClInclude Include="..\src\materials\MeshDepthMaterial.h">
      <Filter>Source Files\materials</Filter>
    </ClInclude>
    <ClInclude Include="..\src\materials\MeshDistanceMaterial.h">
      <Filter>Source Files\materials</Filter>
    </ClInclude>
    <ClInclude Include="..\src\materials\MeshMatcapMaterial.h">
      <Filter>Source Files\materials</Filter>
    </ClInclude>
    <ClInclude Include="..\src\materials\MeshNormalMaterial.h">
      <Filter>Source Files\materials</Filter>
    </ClInclude>
    <ClInclude Include="..\src\materials\MeshPhongMaterial.h">
      <Filter>Source Files\materials</Filter>
    </ClInclude>
    <ClInclude Include="..\src\materials\MeshPhysicalMaterial.h">
      <Filter>Source Files\materials</Filter>
    </ClInclude>
    <ClInclude Include="..\src\materials\MeshStandardMaterial.h">
      <Filter>Source Files\materials</Filter>
    </ClInclude>
    <ClInclude Include="..\src\materials\MeshToonMaterial.h">
      <Filter>Source Files\materials</Filter>
    </ClInclude>
    <ClInclude Include="..\src\materials\PointsMaterial.h">
      <Filter>Source Files\materials</Filter>
    </ClInclude>
    <ClInclude Include="..\src\materials\RawShaderMaterial.h">
      <Filter>Source Files\materials</Filter>
    </ClInclude>
    <ClInclude Include="..\src\materials\ShaderMaterial.h">
      <Filter>Source Files\materials</Filter>
    </ClInclude>
    <ClInclude Include="..\src\materials\ShadowMaterial.h">
      <Filter>Source Files\materials</Filter>
    </ClInclude>
    <ClInclude Include="..\src\materials\SpriteMaterial.h">
      <Filter>Source Files\materials</Filter>
    </ClInclude>
    <ClInclude Include="..\src\core\BufferAttribute.h">
      <Filter>Source Files\core</Filter>
    </ClInclude>
    <ClInclude Include="..\src\core\BufferGeometry.h">
      <Filter>Source Files\core</Filter>
    </ClInclude>
    <ClInclude Include="..\src\core\Clock.h">
      <Filter>Source Files\core</Filter>
    </ClInclude>
    <ClInclude Include="..\src\core\DirectGeometry.h">
      <Filter>Source Files\core</Filter>
    </ClInclude>
    <ClInclude Include="..\src\core\InstancedBufferAttribute.h">
      <Filter>Source Files\core</Filter>
    </ClInclude>
    <ClInclude Include="..\src\core\InstancedBufferGeometry.h">
      <Filter>Source Files\core</Filter>
    </ClInclude>
    <ClInclude Include="..\src\core\InstancedInterleavedBuffer.h">
      <Filter>Source Files\core</Filter>
    </ClInclude>
    <ClInclude Include="..\src\core\InterleavedBuffer.h">
      <Filter>Source Files\core</Filter>
    </ClInclude>
    <ClInclude Include="..\src\core\InterleavedBufferAttribute.h">
      <Filter>Source Files\core</Filter>
    </ClInclude>
    <ClInclude Include="..\src\core\Layers.h">
      <Filter>Source Files\core</Filter>
    </ClInclude>
    <ClInclude Include="..\src\core\Raycaster.h">
      <Filter>Source Files\core</Filter>
    </ClInclude>
    <ClInclude Include="..\src\core\Uniform.h">
      <Filter>Source Files\core</Filter>
    </ClInclude>
    <ClInclude Include="..\src\geometries\CylinderGeometry.h">
      <Filter>Source Files\geometries</Filter>
    </ClInclude>
    <ClInclude Include="..\src\geometries\DodecahedronGeometry.h">
      <Filter>Source Files\geometries</Filter>
    </ClInclude>
    <ClInclude Include="..\src\geometries\EdgesGeometry.h">
      <Filter>Source Files\geometries</Filter>
    </ClInclude>
    <ClInclude Include="..\src\geometries\ExtrudeGeometry.h">
      <Filter>Source Files\geometries</Filter>
    </ClInclude>
    <ClInclude Include="..\src\geometries\IcosahedronGeometry.h">
      <Filter>Source Files\geometries</Filter>
    </ClInclude>
    <ClInclude Include="..\src\geometries\LatheGeometry.h">
      <Filter>Source Files\geometries</Filter>
    </ClInclude>
    <ClInclude Include="..\src\geometries\OctahedronGeometry.h">
      <Filter>Source Files\geometries</Filter>
    </ClInclude>
    <ClInclude Include="..\src\geometries\ParametricGeometry.h">
      <Filter>Source Files\geometries</Filter>
    </ClInclude>
    <ClInclude Include="..\src\geometries\PolyhedronGeometry.h">
      <Filter>Source Files\geometries</Filter>
    </ClInclude>
    <ClInclude Include="..\src\geometries\RingGeometry.h">
      <Filter>Source Files\geometries</Filter>
    </ClInclude>
    <ClInclude Include="..\src\geometries\ShapeGeometry.h">
      <Filter>Source Files\geometries</Filter>
    </ClInclude>
    <ClInclude Include="..\src\geometries\TetrahedronGeometry.h">
      <Filter>Source Files\geometries</Filter>
    </ClInclude>
    <ClInclude Include="..\src\geometries\TorusGeometry.h">
      <Filter>Source Files\geometries</Filter>
    </ClInclude>
    <ClInclude Include="..\src\geometries\TorusKnotGeometry.h">
      <Filter>Source Files\geometries</Filter>
    </ClInclude>
    <ClInclude Include="..\src\geometries\TubeGeometry.h">
      <Filter>Source Files\geometries</Filter>
    </ClInclude>
    <ClInclude Include="..\src\geometries\WireframeGeometry.h">
      <Filter>Source Files\geometries</Filter>
    </ClInclude>
  </ItemGroup>
</Project>